// !$*UTF8*$!
{
	archiveVersion = 1;
	classes = {
	};
	objectVersion = 50;
	objects = {

/* Begin PBXBuildFile section */
		3913BCD821389C5D008E665E /* NavigationControllerDelegate.swift in Sources */ = {isa = PBXBuildFile; fileRef = 3913BCD721389C5D008E665E /* NavigationControllerDelegate.swift */; };
		3913BCDA21389DD9008E665E /* ImageTransitionAnimator.swift in Sources */ = {isa = PBXBuildFile; fileRef = 3913BCD921389DD9008E665E /* ImageTransitionAnimator.swift */; };
		3951C425213872DC001B39A1 /* AppDelegate.swift in Sources */ = {isa = PBXBuildFile; fileRef = 3951C424213872DC001B39A1 /* AppDelegate.swift */; };
		3951C42A213872DC001B39A1 /* Main.storyboard in Resources */ = {isa = PBXBuildFile; fileRef = 3951C428213872DC001B39A1 /* Main.storyboard */; };
		3951C42C213872DC001B39A1 /* Assets.xcassets in Resources */ = {isa = PBXBuildFile; fileRef = 3951C42B213872DC001B39A1 /* Assets.xcassets */; };
		3951C42F213872DC001B39A1 /* LaunchScreen.storyboard in Resources */ = {isa = PBXBuildFile; fileRef = 3951C42D213872DC001B39A1 /* LaunchScreen.storyboard */; };
		3951C437213882A1001B39A1 /* FriendsTableViewController.swift in Sources */ = {isa = PBXBuildFile; fileRef = 3951C436213882A1001B39A1 /* FriendsTableViewController.swift */; };
		3951C439213882B3001B39A1 /* FriendTableViewCell.swift in Sources */ = {isa = PBXBuildFile; fileRef = 3951C438213882B3001B39A1 /* FriendTableViewCell.swift */; };
		3951C43B2138841C001B39A1 /* FriendDetailViewController.swift in Sources */ = {isa = PBXBuildFile; fileRef = 3951C43A2138841C001B39A1 /* FriendDetailViewController.swift */; };
		3951C43D21388483001B39A1 /* Friend.swift in Sources */ = {isa = PBXBuildFile; fileRef = 3951C43C21388483001B39A1 /* Friend.swift */; };
		3951C43F21388491001B39A1 /* FriendController.swift in Sources */ = {isa = PBXBuildFile; fileRef = 3951C43E21388491001B39A1 /* FriendController.swift */; };
		3951C44121388CB4001B39A1 /* AddFriendViewController.swift in Sources */ = {isa = PBXBuildFile; fileRef = 3951C44021388CB4001B39A1 /* AddFriendViewController.swift */; };
/* End PBXBuildFile section */

/* Begin PBXFileReference section */
		3913BCD721389C5D008E665E /* NavigationControllerDelegate.swift */ = {isa = PBXFileReference; lastKnownFileType = sourcecode.swift; path = NavigationControllerDelegate.swift; sourceTree = "<group>"; };
		3913BCD921389DD9008E665E /* ImageTransitionAnimator.swift */ = {isa = PBXFileReference; lastKnownFileType = sourcecode.swift; path = ImageTransitionAnimator.swift; sourceTree = "<group>"; };
		3951C421213872DC001B39A1 /* Friends.app */ = {isa = PBXFileReference; explicitFileType = wrapper.application; includeInIndex = 0; path = Friends.app; sourceTree = BUILT_PRODUCTS_DIR; };
		3951C424213872DC001B39A1 /* AppDelegate.swift */ = {isa = PBXFileReference; lastKnownFileType = sourcecode.swift; path = AppDelegate.swift; sourceTree = "<group>"; };
		3951C429213872DC001B39A1 /* Base */ = {isa = PBXFileReference; lastKnownFileType = file.storyboard; name = Base; path = Base.lproj/Main.storyboard; sourceTree = "<group>"; };
		3951C42B213872DC001B39A1 /* Assets.xcassets */ = {isa = PBXFileReference; lastKnownFileType = folder.assetcatalog; path = Assets.xcassets; sourceTree = "<group>"; };
		3951C42E213872DC001B39A1 /* Base */ = {isa = PBXFileReference; lastKnownFileType = file.storyboard; name = Base; path = Base.lproj/LaunchScreen.storyboard; sourceTree = "<group>"; };
		3951C430213872DC001B39A1 /* Info.plist */ = {isa = PBXFileReference; lastKnownFileType = text.plist.xml; path = Info.plist; sourceTree = "<group>"; };
		3951C436213882A1001B39A1 /* FriendsTableViewController.swift */ = {isa = PBXFileReference; lastKnownFileType = sourcecode.swift; path = FriendsTableViewController.swift; sourceTree = "<group>"; };
		3951C438213882B3001B39A1 /* FriendTableViewCell.swift */ = {isa = PBXFileReference; lastKnownFileType = sourcecode.swift; path = FriendTableViewCell.swift; sourceTree = "<group>"; };
		3951C43A2138841C001B39A1 /* FriendDetailViewController.swift */ = {isa = PBXFileReference; lastKnownFileType = sourcecode.swift; path = FriendDetailViewController.swift; sourceTree = "<group>"; };
		3951C43C21388483001B39A1 /* Friend.swift */ = {isa = PBXFileReference; lastKnownFileType = sourcecode.swift; path = Friend.swift; sourceTree = "<group>"; };
		3951C43E21388491001B39A1 /* FriendController.swift */ = {isa = PBXFileReference; lastKnownFileType = sourcecode.swift; path = FriendController.swift; sourceTree = "<group>"; };
		3951C44021388CB4001B39A1 /* AddFriendViewController.swift */ = {isa = PBXFileReference; lastKnownFileType = sourcecode.swift; path = AddFriendViewController.swift; sourceTree = "<group>"; };
/* End PBXFileReference section */

/* Begin PBXFrameworksBuildPhase section */
		3951C41E213872DC001B39A1 /* Frameworks */ = {
			isa = PBXFrameworksBuildPhase;
			buildActionMask = 2147483647;
			files = (
			);
			runOnlyForDeploymentPostprocessing = 0;
		};
/* End PBXFrameworksBuildPhase section */

/* Begin PBXGroup section */
		3913BCD321389BEF008E665E /* Model */ = {
			isa = PBXGroup;
			children = (
				3951C43C21388483001B39A1 /* Friend.swift */,
			);
			path = Model;
			sourceTree = "<group>";
		};
		3913BCD421389BF5008E665E /* Model Controller */ = {
			isa = PBXGroup;
			children = (
				3951C43E21388491001B39A1 /* FriendController.swift */,
			);
			path = "Model Controller";
			sourceTree = "<group>";
		};
		3913BCD521389BFD008E665E /* View */ = {
			isa = PBXGroup;
			children = (
				3951C438213882B3001B39A1 /* FriendTableViewCell.swift */,
			);
			path = View;
			sourceTree = "<group>";
		};
		3913BCD621389C03008E665E /* View Controllers */ = {
			isa = PBXGroup;
			children = (
				3951C436213882A1001B39A1 /* FriendsTableViewController.swift */,
				3951C44021388CB4001B39A1 /* AddFriendViewController.swift */,
				3951C43A2138841C001B39A1 /* FriendDetailViewController.swift */,
			);
			path = "View Controllers";
			sourceTree = "<group>";
		};
		3913BCDB2138A5E8008E665E /* Animation */ = {
			isa = PBXGroup;
			children = (
				3913BCD721389C5D008E665E /* NavigationControllerDelegate.swift */,
				3913BCD921389DD9008E665E /* ImageTransitionAnimator.swift */,
			);
			path = Animation;
			sourceTree = "<group>";
		};
		3951C418213872DC001B39A1 = {
			isa = PBXGroup;
			children = (
				3951C423213872DC001B39A1 /* Friends */,
				3951C422213872DC001B39A1 /* Products */,
			);
			sourceTree = "<group>";
		};
		3951C422213872DC001B39A1 /* Products */ = {
			isa = PBXGroup;
			children = (
				3951C421213872DC001B39A1 /* Friends.app */,
			);
			name = Products;
			sourceTree = "<group>";
		};
		3951C423213872DC001B39A1 /* Friends */ = {
			isa = PBXGroup;
			children = (
				3951C424213872DC001B39A1 /* AppDelegate.swift */,
				3913BCDB2138A5E8008E665E /* Animation */,
				3913BCD321389BEF008E665E /* Model */,
				3913BCD421389BF5008E665E /* Model Controller */,
				3913BCD521389BFD008E665E /* View */,
				3913BCD621389C03008E665E /* View Controllers */,
				3951C428213872DC001B39A1 /* Main.storyboard */,
				3951C42B213872DC001B39A1 /* Assets.xcassets */,
				3951C42D213872DC001B39A1 /* LaunchScreen.storyboard */,
				3951C430213872DC001B39A1 /* Info.plist */,
			);
			path = Friends;
			sourceTree = "<group>";
		};
/* End PBXGroup section */

/* Begin PBXNativeTarget section */
		3951C420213872DC001B39A1 /* Friends */ = {
			isa = PBXNativeTarget;
			buildConfigurationList = 3951C433213872DC001B39A1 /* Build configuration list for PBXNativeTarget "Friends" */;
			buildPhases = (
				3951C41D213872DC001B39A1 /* Sources */,
				3951C41E213872DC001B39A1 /* Frameworks */,
				3951C41F213872DC001B39A1 /* Resources */,
			);
			buildRules = (
			);
			dependencies = (
			);
			name = Friends;
			productName = Friends;
			productReference = 3951C421213872DC001B39A1 /* Friends.app */;
			productType = "com.apple.product-type.application";
		};
/* End PBXNativeTarget section */

/* Begin PBXProject section */
		3951C419213872DC001B39A1 /* Project object */ = {
			isa = PBXProject;
			attributes = {
				LastSwiftUpdateCheck = 0940;
				LastUpgradeCheck = 0940;
				ORGANIZATIONNAME = "Linh Bouniol";
				TargetAttributes = {
					3951C420213872DC001B39A1 = {
						CreatedOnToolsVersion = 9.4.1;
					};
				};
			};
			buildConfigurationList = 3951C41C213872DC001B39A1 /* Build configuration list for PBXProject "Friends" */;
			compatibilityVersion = "Xcode 9.3";
			developmentRegion = en;
			hasScannedForEncodings = 0;
			knownRegions = (
				en,
				Base,
			);
			mainGroup = 3951C418213872DC001B39A1;
			productRefGroup = 3951C422213872DC001B39A1 /* Products */;
			projectDirPath = "";
			projectRoot = "";
			targets = (
				3951C420213872DC001B39A1 /* Friends */,
			);
		};
/* End PBXProject section */

/* Begin PBXResourcesBuildPhase section */
		3951C41F213872DC001B39A1 /* Resources */ = {
			isa = PBXResourcesBuildPhase;
			buildActionMask = 2147483647;
			files = (
				3951C42F213872DC001B39A1 /* LaunchScreen.storyboard in Resources */,
				3951C42C213872DC001B39A1 /* Assets.xcassets in Resources */,
				3951C42A213872DC001B39A1 /* Main.storyboard in Resources */,
			);
			runOnlyForDeploymentPostprocessing = 0;
		};
/* End PBXResourcesBuildPhase section */

/* Begin PBXSourcesBuildPhase section */
		3951C41D213872DC001B39A1 /* Sources */ = {
			isa = PBXSourcesBuildPhase;
			buildActionMask = 2147483647;
			files = (
				3951C439213882B3001B39A1 /* FriendTableViewCell.swift in Sources */,
				3951C44121388CB4001B39A1 /* AddFriendViewController.swift in Sources */,
				3951C43F21388491001B39A1 /* FriendController.swift in Sources */,
				3913BCDA21389DD9008E665E /* ImageTransitionAnimator.swift in Sources */,
				3951C437213882A1001B39A1 /* FriendsTableViewController.swift in Sources */,
				3913BCD821389C5D008E665E /* NavigationControllerDelegate.swift in Sources */,
				3951C43D21388483001B39A1 /* Friend.swift in Sources */,
				3951C43B2138841C001B39A1 /* FriendDetailViewController.swift in Sources */,
				3951C425213872DC001B39A1 /* AppDelegate.swift in Sources */,
			);
			runOnlyForDeploymentPostprocessing = 0;
		};
/* End PBXSourcesBuildPhase section */

/* Begin PBXVariantGroup section */
		3951C428213872DC001B39A1 /* Main.storyboard */ = {
			isa = PBXVariantGroup;
			children = (
				3951C429213872DC001B39A1 /* Base */,
			);
			name = Main.storyboard;
			sourceTree = "<group>";
		};
		3951C42D213872DC001B39A1 /* LaunchScreen.storyboard */ = {
			isa = PBXVariantGroup;
			children = (
				3951C42E213872DC001B39A1 /* Base */,
			);
			name = LaunchScreen.storyboard;
			sourceTree = "<group>";
		};
/* End PBXVariantGroup section */

/* Begin XCBuildConfiguration section */
		3951C431213872DC001B39A1 /* Debug */ = {
			isa = XCBuildConfiguration;
			buildSettings = {
				ALWAYS_SEARCH_USER_PATHS = NO;
				CLANG_ANALYZER_NONNULL = YES;
				CLANG_ANALYZER_NUMBER_OBJECT_CONVERSION = YES_AGGRESSIVE;
				CLANG_CXX_LANGUAGE_STANDARD = "gnu++14";
				CLANG_CXX_LIBRARY = "libc++";
				CLANG_ENABLE_MODULES = YES;
				CLANG_ENABLE_OBJC_ARC = YES;
				CLANG_ENABLE_OBJC_WEAK = YES;
				CLANG_WARN_BLOCK_CAPTURE_AUTORELEASING = YES;
				CLANG_WARN_BOOL_CONVERSION = YES;
				CLANG_WARN_COMMA = YES;
				CLANG_WARN_CONSTANT_CONVERSION = YES;
				CLANG_WARN_DEPRECATED_OBJC_IMPLEMENTATIONS = YES;
				CLANG_WARN_DIRECT_OBJC_ISA_USAGE = YES_ERROR;
				CLANG_WARN_DOCUMENTATION_COMMENTS = YES;
				CLANG_WARN_EMPTY_BODY = YES;
				CLANG_WARN_ENUM_CONVERSION = YES;
				CLANG_WARN_INFINITE_RECURSION = YES;
				CLANG_WARN_INT_CONVERSION = YES;
				CLANG_WARN_NON_LITERAL_NULL_CONVERSION = YES;
				CLANG_WARN_OBJC_IMPLICIT_RETAIN_SELF = YES;
				CLANG_WARN_OBJC_LITERAL_CONVERSION = YES;
				CLANG_WARN_OBJC_ROOT_CLASS = YES_ERROR;
				CLANG_WARN_RANGE_LOOP_ANALYSIS = YES;
				CLANG_WARN_STRICT_PROTOTYPES = YES;
				CLANG_WARN_SUSPICIOUS_MOVE = YES;
				CLANG_WARN_UNGUARDED_AVAILABILITY = YES_AGGRESSIVE;
				CLANG_WARN_UNREACHABLE_CODE = YES;
				CLANG_WARN__DUPLICATE_METHOD_MATCH = YES;
				CODE_SIGN_IDENTITY = "iPhone Developer";
				COPY_PHASE_STRIP = NO;
				DEBUG_INFORMATION_FORMAT = dwarf;
				ENABLE_STRICT_OBJC_MSGSEND = YES;
				ENABLE_TESTABILITY = YES;
				GCC_C_LANGUAGE_STANDARD = gnu11;
				GCC_DYNAMIC_NO_PIC = NO;
				GCC_NO_COMMON_BLOCKS = YES;
				GCC_OPTIMIZATION_LEVEL = 0;
				GCC_PREPROCESSOR_DEFINITIONS = (
					"DEBUG=1",
					"$(inherited)",
				);
				GCC_WARN_64_TO_32_BIT_CONVERSION = YES;
				GCC_WARN_ABOUT_RETURN_TYPE = YES_ERROR;
				GCC_WARN_UNDECLARED_SELECTOR = YES;
				GCC_WARN_UNINITIALIZED_AUTOS = YES_AGGRESSIVE;
				GCC_WARN_UNUSED_FUNCTION = YES;
				GCC_WARN_UNUSED_VARIABLE = YES;
				IPHONEOS_DEPLOYMENT_TARGET = 11.4;
				MTL_ENABLE_DEBUG_INFO = YES;
				ONLY_ACTIVE_ARCH = YES;
				SDKROOT = iphoneos;
				SWIFT_ACTIVE_COMPILATION_CONDITIONS = DEBUG;
				SWIFT_OPTIMIZATION_LEVEL = "-Onone";
			};
			name = Debug;
		};
		3951C432213872DC001B39A1 /* Release */ = {
			isa = XCBuildConfiguration;
			buildSettings = {
				ALWAYS_SEARCH_USER_PATHS = NO;
				CLANG_ANALYZER_NONNULL = YES;
				CLANG_ANALYZER_NUMBER_OBJECT_CONVERSION = YES_AGGRESSIVE;
				CLANG_CXX_LANGUAGE_STANDARD = "gnu++14";
				CLANG_CXX_LIBRARY = "libc++";
				CLANG_ENABLE_MODULES = YES;
				CLANG_ENABLE_OBJC_ARC = YES;
				CLANG_ENABLE_OBJC_WEAK = YES;
				CLANG_WARN_BLOCK_CAPTURE_AUTORELEASING = YES;
				CLANG_WARN_BOOL_CONVERSION = YES;
				CLANG_WARN_COMMA = YES;
				CLANG_WARN_CONSTANT_CONVERSION = YES;
				CLANG_WARN_DEPRECATED_OBJC_IMPLEMENTATIONS = YES;
				CLANG_WARN_DIRECT_OBJC_ISA_USAGE = YES_ERROR;
				CLANG_WARN_DOCUMENTATION_COMMENTS = YES;
				CLANG_WARN_EMPTY_BODY = YES;
				CLANG_WARN_ENUM_CONVERSION = YES;
				CLANG_WARN_INFINITE_RECURSION = YES;
				CLANG_WARN_INT_CONVERSION = YES;
				CLANG_WARN_NON_LITERAL_NULL_CONVERSION = YES;
				CLANG_WARN_OBJC_IMPLICIT_RETAIN_SELF = YES;
				CLANG_WARN_OBJC_LITERAL_CONVERSION = YES;
				CLANG_WARN_OBJC_ROOT_CLASS = YES_ERROR;
				CLANG_WARN_RANGE_LOOP_ANALYSIS = YES;
				CLANG_WARN_STRICT_PROTOTYPES = YES;
				CLANG_WARN_SUSPICIOUS_MOVE = YES;
				CLANG_WARN_UNGUARDED_AVAILABILITY = YES_AGGRESSIVE;
				CLANG_WARN_UNREACHABLE_CODE = YES;
				CLANG_WARN__DUPLICATE_METHOD_MATCH = YES;
				CODE_SIGN_IDENTITY = "iPhone Developer";
				COPY_PHASE_STRIP = NO;
				DEBUG_INFORMATION_FORMAT = "dwarf-with-dsym";
				ENABLE_NS_ASSERTIONS = NO;
				ENABLE_STRICT_OBJC_MSGSEND = YES;
				GCC_C_LANGUAGE_STANDARD = gnu11;
				GCC_NO_COMMON_BLOCKS = YES;
				GCC_WARN_64_TO_32_BIT_CONVERSION = YES;
				GCC_WARN_ABOUT_RETURN_TYPE = YES_ERROR;
				GCC_WARN_UNDECLARED_SELECTOR = YES;
				GCC_WARN_UNINITIALIZED_AUTOS = YES_AGGRESSIVE;
				GCC_WARN_UNUSED_FUNCTION = YES;
				GCC_WARN_UNUSED_VARIABLE = YES;
				IPHONEOS_DEPLOYMENT_TARGET = 11.4;
				MTL_ENABLE_DEBUG_INFO = NO;
				SDKROOT = iphoneos;
				SWIFT_COMPILATION_MODE = wholemodule;
				SWIFT_OPTIMIZATION_LEVEL = "-O";
				VALIDATE_PRODUCT = YES;
			};
			name = Release;
		};
		3951C434213872DC001B39A1 /* Debug */ = {
			isa = XCBuildConfiguration;
			buildSettings = {
				ASSETCATALOG_COMPILER_APPICON_NAME = AppIcon;
				CODE_SIGN_STYLE = Automatic;
				DEVELOPMENT_TEAM = 39ZVY2XGME;
				INFOPLIST_FILE = Friends/Info.plist;
				LD_RUNPATH_SEARCH_PATHS = (
					"$(inherited)",
					"@executable_path/Frameworks",
				);
				PRODUCT_BUNDLE_IDENTIFIER = com.linhbouniol.Friends;
				PRODUCT_NAME = "$(TARGET_NAME)";
				SWIFT_VERSION = 4.0;
				TARGETED_DEVICE_FAMILY = "1,2";
			};
			name = Debug;
		};
		3951C435213872DC001B39A1 /* Release */ = {
			isa = XCBuildConfiguration;
			buildSettings = {
				ASSETCATALOG_COMPILER_APPICON_NAME = AppIcon;
				CODE_SIGN_STYLE = Automatic;
				DEVELOPMENT_TEAM = 39ZVY2XGME;
				INFOPLIST_FILE = Friends/Info.plist;
				LD_RUNPATH_SEARCH_PATHS = (
					"$(inherited)",
					"@executable_path/Frameworks",
				);
				PRODUCT_BUNDLE_IDENTIFIER = com.linhbouniol.Friends;
				PRODUCT_NAME = "$(TARGET_NAME)";
				SWIFT_VERSION = 4.0;
				TARGETED_DEVICE_FAMILY = "1,2";
			};
			name = Release;
		};
/* End XCBuildConfiguration section */

/* Begin XCConfigurationList section */
		3951C41C213872DC001B39A1 /* Build configuration list for PBXProject "Friends" */ = {
			isa = XCConfigurationList;
			buildConfigurations = (
				3951C431213872DC001B39A1 /* Debug */,
				3951C432213872DC001B39A1 /* Release */,
			);
			defaultConfigurationIsVisible = 0;
			defaultConfigurationName = Release;
		};
		3951C433213872DC001B39A1 /* Build configuration list for PBXNativeTarget "Friends" */ = {
			isa = XCConfigurationList;
			buildConfigurations = (
				3951C434213872DC001B39A1 /* Debug */,
				3951C435213872DC001B39A1 /* Release */,
			);
			defaultConfigurationIsVisible = 0;
			defaultConfigurationName = Release;
		};
/* End XCConfigurationList section */
	};
	rootObject = 3951C419213872DC001B39A1 /* Project object */;
}
